// !$*UTF8*$!
{
	archiveVersion = 1;
	classes = {
	};
	objectVersion = 56;
	objects = {

/* Begin PBXBuildFile section */
		3A515D672CD650A60042125E /* AppDelegate.swift in Sources */ = {isa = PBXBuildFile; fileRef = 3A515D662CD650A60042125E /* AppDelegate.swift */; };
		3A515D692CD650A60042125E /* SceneDelegate.swift in Sources */ = {isa = PBXBuildFile; fileRef = 3A515D682CD650A60042125E /* SceneDelegate.swift */; };
		3A515D6B2CD650A60042125E /* ViewController.swift in Sources */ = {isa = PBXBuildFile; fileRef = 3A515D6A2CD650A60042125E /* ViewController.swift */; };
		3A515D6E2CD650A60042125E /* Main.storyboard in Resources */ = {isa = PBXBuildFile; fileRef = 3A515D6C2CD650A60042125E /* Main.storyboard */; };
		3A515D702CD650A70042125E /* Assets.xcassets in Resources */ = {isa = PBXBuildFile; fileRef = 3A515D6F2CD650A70042125E /* Assets.xcassets */; };
		3A515D732CD650A70042125E /* LaunchScreen.storyboard in Resources */ = {isa = PBXBuildFile; fileRef = 3A515D712CD650A70042125E /* LaunchScreen.storyboard */; };
		3A515D7D2CD6548E0042125E /* final-image.jpg in Resources */ = {isa = PBXBuildFile; fileRef = 3A515D7C2CD6548E0042125E /* final-image.jpg */; };
		3A515D7F2CD65EE80042125E /* MDCardViewController.swift in Sources */ = {isa = PBXBuildFile; fileRef = 3A515D7E2CD65EE80042125E /* MDCardViewController.swift */; };
		3A515D812CD692760042125E /* MDCardCellViewController.swift in Sources */ = {isa = PBXBuildFile; fileRef = 3A515D802CD692760042125E /* MDCardCellViewController.swift */; };
/* End PBXBuildFile section */

/* Begin PBXFileReference section */
		3A515D632CD650A60042125E /* MyDairy.app */ = {isa = PBXFileReference; explicitFileType = wrapper.application; includeInIndex = 0; path = MyDairy.app; sourceTree = BUILT_PRODUCTS_DIR; };
		3A515D662CD650A60042125E /* AppDelegate.swift */ = {isa = PBXFileReference; lastKnownFileType = sourcecode.swift; path = AppDelegate.swift; sourceTree = "<group>"; };
		3A515D682CD650A60042125E /* SceneDelegate.swift */ = {isa = PBXFileReference; lastKnownFileType = sourcecode.swift; path = SceneDelegate.swift; sourceTree = "<group>"; };
		3A515D6A2CD650A60042125E /* ViewController.swift */ = {isa = PBXFileReference; lastKnownFileType = sourcecode.swift; path = ViewController.swift; sourceTree = "<group>"; };
		3A515D6D2CD650A60042125E /* Base */ = {isa = PBXFileReference; lastKnownFileType = file.storyboard; name = Base; path = Base.lproj/Main.storyboard; sourceTree = "<group>"; };
		3A515D6F2CD650A70042125E /* Assets.xcassets */ = {isa = PBXFileReference; lastKnownFileType = folder.assetcatalog; path = Assets.xcassets; sourceTree = "<group>"; };
		3A515D722CD650A70042125E /* Base */ = {isa = PBXFileReference; lastKnownFileType = file.storyboard; name = Base; path = Base.lproj/LaunchScreen.storyboard; sourceTree = "<group>"; };
		3A515D742CD650A70042125E /* Info.plist */ = {isa = PBXFileReference; lastKnownFileType = text.plist.xml; path = Info.plist; sourceTree = "<group>"; };
		3A515D7C2CD6548E0042125E /* final-image.jpg */ = {isa = PBXFileReference; lastKnownFileType = image.jpeg; name = "final-image.jpg"; path = "../../../Downloads/final-image.jpg"; sourceTree = "<group>"; };
		3A515D7E2CD65EE80042125E /* MDCardViewController.swift */ = {isa = PBXFileReference; lastKnownFileType = sourcecode.swift; path = MDCardViewController.swift; sourceTree = "<group>"; };
		3A515D802CD692760042125E /* MDCardCellViewController.swift */ = {isa = PBXFileReference; lastKnownFileType = sourcecode.swift; path = MDCardCellViewController.swift; sourceTree = "<group>"; };
/* End PBXFileReference section */

/* Begin PBXFrameworksBuildPhase section */
		3A515D602CD650A60042125E /* Frameworks */ = {
			isa = PBXFrameworksBuildPhase;
			buildActionMask = 2147483647;
			files = (
			);
			runOnlyForDeploymentPostprocessing = 0;
		};
/* End PBXFrameworksBuildPhase section */

/* Begin PBXGroup section */
		3A515D5A2CD650A60042125E = {
			isa = PBXGroup;
			children = (
				3A515D652CD650A60042125E /* MyDairy */,
				3A515D642CD650A60042125E /* Products */,
			);
			sourceTree = "<group>";
		};
		3A515D642CD650A60042125E /* Products */ = {
			isa = PBXGroup;
			children = (
				3A515D632CD650A60042125E /* MyDairy.app */,
			);
			name = Products;
			sourceTree = "<group>";
		};
		3A515D652CD650A60042125E /* MyDairy */ = {
			isa = PBXGroup;
			children = (
				3A515D662CD650A60042125E /* AppDelegate.swift */,
				3A515D682CD650A60042125E /* SceneDelegate.swift */,
				3A515D6A2CD650A60042125E /* ViewController.swift */,
				3A515D6C2CD650A60042125E /* Main.storyboard */,
				3A515D6F2CD650A70042125E /* Assets.xcassets */,
				3A515D712CD650A70042125E /* LaunchScreen.storyboard */,
				3A515D742CD650A70042125E /* Info.plist */,
				3A515D7C2CD6548E0042125E /* final-image.jpg */,
				3A515D7E2CD65EE80042125E /* MDCardViewController.swift */,
				3A515D802CD692760042125E /* MDCardCellViewController.swift */,
			);
			path = MyDairy;
			sourceTree = "<group>";
		};
/* End PBXGroup section */

/* Begin PBXNativeTarget section */
		3A515D622CD650A60042125E /* MyDairy */ = {
			isa = PBXNativeTarget;
			buildConfigurationList = 3A515D772CD650A70042125E /* Build configuration list for PBXNativeTarget "MyDairy" */;
			buildPhases = (
				3A515D5F2CD650A60042125E /* Sources */,
				3A515D602CD650A60042125E /* Frameworks */,
				3A515D612CD650A60042125E /* Resources */,
			);
			buildRules = (
			);
			dependencies = (
			);
			name = MyDairy;
			productName = MyDairy;
			productReference = 3A515D632CD650A60042125E /* MyDairy.app */;
			productType = "com.apple.product-type.application";
		};
/* End PBXNativeTarget section */

/* Begin PBXProject section */
		3A515D5B2CD650A60042125E /* Project object */ = {
			isa = PBXProject;
			attributes = {
				BuildIndependentTargetsInParallel = 1;
				LastSwiftUpdateCheck = 1420;
				LastUpgradeCheck = 1420;
				TargetAttributes = {
					3A515D622CD650A60042125E = {
						CreatedOnToolsVersion = 14.2;
					};
				};
			};
			buildConfigurationList = 3A515D5E2CD650A60042125E /* Build configuration list for PBXProject "MyDairy" */;
			compatibilityVersion = "Xcode 14.0";
			developmentRegion = en;
			hasScannedForEncodings = 0;
			knownRegions = (
				en,
				Base,
			);
			mainGroup = 3A515D5A2CD650A60042125E;
			productRefGroup = 3A515D642CD650A60042125E /* Products */;
			projectDirPath = "";
			projectRoot = "";
			targets = (
				3A515D622CD650A60042125E /* MyDairy */,
			);
		};
/* End PBXProject section */

/* Begin PBXResourcesBuildPhase section */
		3A515D612CD650A60042125E /* Resources */ = {
			isa = PBXResourcesBuildPhase;
			buildActionMask = 2147483647;
			files = (
				3A515D7D2CD6548E0042125E /* final-image.jpg in Resources */,
				3A515D732CD650A70042125E /* LaunchScreen.storyboard in Resources */,
				3A515D702CD650A70042125E /* Assets.xcassets in Resources */,
				3A515D6E2CD650A60042125E /* Main.storyboard in Resources */,
			);
			runOnlyForDeploymentPostprocessing = 0;
		};
/* End PBXResourcesBuildPhase section */

/* Begin PBXSourcesBuildPhase section */
		3A515D5F2CD650A60042125E /* Sources */ = {
			isa = PBXSourcesBuildPhase;
			buildActionMask = 2147483647;
			files = (
				3A515D6B2CD650A60042125E /* ViewController.swift in Sources */,
				3A515D672CD650A60042125E /* AppDelegate.swift in Sources */,
				3A515D692CD650A60042125E /* SceneDelegate.swift in Sources */,
				3A515D812CD692760042125E /* MDCardCellViewController.swift in Sources */,
				3A515D7F2CD65EE80042125E /* MDCardViewController.swift in Sources */,
			);
			runOnlyForDeploymentPostprocessing = 0;
		};
/* End PBXSourcesBuildPhase section */

/* Begin PBXVariantGroup section */
		3A515D6C2CD650A60042125E /* Main.storyboard */ = {
			isa = PBXVariantGroup;
			children = (
				3A515D6D2CD650A60042125E /* Base */,
			);
			name = Main.storyboard;
			sourceTree = "<group>";
		};
		3A515D712CD650A70042125E /* LaunchScreen.storyboard */ = {
			isa = PBXVariantGroup;
			children = (
				3A515D722CD650A70042125E /* Base */,
			);
			name = LaunchScreen.storyboard;
			sourceTree = "<group>";
		};
/* End PBXVariantGroup section */

/* Begin XCBuildConfiguration section */
		3A515D752CD650A70042125E /* Debug */ = {
			isa = XCBuildConfiguration;
			buildSettings = {
				ALWAYS_SEARCH_USER_PATHS = NO;
				CLANG_ANALYZER_NONNULL = YES;
				CLANG_ANALYZER_NUMBER_OBJECT_CONVERSION = YES_AGGRESSIVE;
				CLANG_CXX_LANGUAGE_STANDARD = "gnu++20";
				CLANG_ENABLE_MODULES = YES;
				CLANG_ENABLE_OBJC_ARC = YES;
				CLANG_ENABLE_OBJC_WEAK = YES;
				CLANG_WARN_BLOCK_CAPTURE_AUTORELEASING = YES;
				CLANG_WARN_BOOL_CONVERSION = YES;
				CLANG_WARN_COMMA = YES;
				CLANG_WARN_CONSTANT_CONVERSION = YES;
				CLANG_WARN_DEPRECATED_OBJC_IMPLEMENTATIONS = YES;
				CLANG_WARN_DIRECT_OBJC_ISA_USAGE = YES_ERROR;
				CLANG_WARN_DOCUMENTATION_COMMENTS = YES;
				CLANG_WARN_EMPTY_BODY = YES;
				CLANG_WARN_ENUM_CONVERSION = YES;
				CLANG_WARN_INFINITE_RECURSION = YES;
				CLANG_WARN_INT_CONVERSION = YES;
				CLANG_WARN_NON_LITERAL_NULL_CONVERSION = YES;
				CLANG_WARN_OBJC_IMPLICIT_RETAIN_SELF = YES;
				CLANG_WARN_OBJC_LITERAL_CONVERSION = YES;
				CLANG_WARN_OBJC_ROOT_CLASS = YES_ERROR;
				CLANG_WARN_QUOTED_INCLUDE_IN_FRAMEWORK_HEADER = YES;
				CLANG_WARN_RANGE_LOOP_ANALYSIS = YES;
				CLANG_WARN_STRICT_PROTOTYPES = YES;
				CLANG_WARN_SUSPICIOUS_MOVE = YES;
				CLANG_WARN_UNGUARDED_AVAILABILITY = YES_AGGRESSIVE;
				CLANG_WARN_UNREACHABLE_CODE = YES;
				CLANG_WARN__DUPLICATE_METHOD_MATCH = YES;
				COPY_PHASE_STRIP = NO;
				DEBUG_INFORMATION_FORMAT = dwarf;
				ENABLE_STRICT_OBJC_MSGSEND = YES;
				ENABLE_TESTABILITY = YES;
				GCC_C_LANGUAGE_STANDARD = gnu11;
				GCC_DYNAMIC_NO_PIC = NO;
				GCC_NO_COMMON_BLOCKS = YES;
				GCC_OPTIMIZATION_LEVEL = 0;
				GCC_PREPROCESSOR_DEFINITIONS = (
					"DEBUG=1",
					"$(inherited)",
				);
				GCC_WARN_64_TO_32_BIT_CONVERSION = YES;
				GCC_WARN_ABOUT_RETURN_TYPE = YES_ERROR;
				GCC_WARN_UNDECLARED_SELECTOR = YES;
				GCC_WARN_UNINITIALIZED_AUTOS = YES_AGGRESSIVE;
				GCC_WARN_UNUSED_FUNCTION = YES;
				GCC_WARN_UNUSED_VARIABLE = YES;
				IPHONEOS_DEPLOYMENT_TARGET = 16.2;
				MTL_ENABLE_DEBUG_INFO = INCLUDE_SOURCE;
				MTL_FAST_MATH = YES;
				ONLY_ACTIVE_ARCH = YES;
				SDKROOT = iphoneos;
				SWIFT_ACTIVE_COMPILATION_CONDITIONS = DEBUG;
				SWIFT_OPTIMIZATION_LEVEL = "-Onone";
			};
			name = Debug;
		};
		3A515D762CD650A70042125E /* Release */ = {
			isa = XCBuildConfiguration;
			buildSettings = {
				ALWAYS_SEARCH_USER_PATHS = NO;
				CLANG_ANALYZER_NONNULL = YES;
				CLANG_ANALYZER_NUMBER_OBJECT_CONVERSION = YES_AGGRESSIVE;
				CLANG_CXX_LANGUAGE_STANDARD = "gnu++20";
				CLANG_ENABLE_MODULES = YES;
				CLANG_ENABLE_OBJC_ARC = YES;
				CLANG_ENABLE_OBJC_WEAK = YES;
				CLANG_WARN_BLOCK_CAPTURE_AUTORELEASING = YES;
				CLANG_WARN_BOOL_CONVERSION = YES;
				CLANG_WARN_COMMA = YES;
				CLANG_WARN_CONSTANT_CONVERSION = YES;
				CLANG_WARN_DEPRECATED_OBJC_IMPLEMENTATIONS = YES;
				CLANG_WARN_DIRECT_OBJC_ISA_USAGE = YES_ERROR;
				CLANG_WARN_DOCUMENTATION_COMMENTS = YES;
				CLANG_WARN_EMPTY_BODY = YES;
				CLANG_WARN_ENUM_CONVERSION = YES;
				CLANG_WARN_INFINITE_RECURSION = YES;
				CLANG_WARN_INT_CONVERSION = YES;
				CLANG_WARN_NON_LITERAL_NULL_CONVERSION = YES;
				CLANG_WARN_OBJC_IMPLICIT_RETAIN_SELF = YES;
				CLANG_WARN_OBJC_LITERAL_CONVERSION = YES;
				CLANG_WARN_OBJC_ROOT_CLASS = YES_ERROR;
				CLANG_WARN_QUOTED_INCLUDE_IN_FRAMEWORK_HEADER = YES;
				CLANG_WARN_RANGE_LOOP_ANALYSIS = YES;
				CLANG_WARN_STRICT_PROTOTYPES = YES;
				CLANG_WARN_SUSPICIOUS_MOVE = YES;
				CLANG_WARN_UNGUARDED_AVAILABILITY = YES_AGGRESSIVE;
				CLANG_WARN_UNREACHABLE_CODE = YES;
				CLANG_WARN__DUPLICATE_METHOD_MATCH = YES;
				COPY_PHASE_STRIP = NO;
				DEBUG_INFORMATION_FORMAT = "dwarf-with-dsym";
				ENABLE_NS_ASSERTIONS = NO;
				ENABLE_STRICT_OBJC_MSGSEND = YES;
				GCC_C_LANGUAGE_STANDARD = gnu11;
				GCC_NO_COMMON_BLOCKS = YES;
				GCC_WARN_64_TO_32_BIT_CONVERSION = YES;
				GCC_WARN_ABOUT_RETURN_TYPE = YES_ERROR;
				GCC_WARN_UNDECLARED_SELECTOR = YES;
				GCC_WARN_UNINITIALIZED_AUTOS = YES_AGGRESSIVE;
				GCC_WARN_UNUSED_FUNCTION = YES;
				GCC_WARN_UNUSED_VARIABLE = YES;
				IPHONEOS_DEPLOYMENT_TARGET = 16.2;
				MTL_ENABLE_DEBUG_INFO = NO;
				MTL_FAST_MATH = YES;
				SDKROOT = iphoneos;
				SWIFT_COMPILATION_MODE = wholemodule;
				SWIFT_OPTIMIZATION_LEVEL = "-O";
				VALIDATE_PRODUCT = YES;
			};
			name = Release;
		};
		3A515D782CD650A70042125E /* Debug */ = {
			isa = XCBuildConfiguration;
			buildSettings = {
				ASSETCATALOG_COMPILER_APPICON_NAME = AppIcon;
				ASSETCATALOG_COMPILER_GLOBAL_ACCENT_COLOR_NAME = AccentColor;
				CODE_SIGN_STYLE = Automatic;
				CURRENT_PROJECT_VERSION = 1;
				DEVELOPMENT_TEAM = N8Q3L3HH85;
				GENERATE_INFOPLIST_FILE = YES;
				INFOPLIST_FILE = MyDairy/Info.plist;
				INFOPLIST_KEY_UIApplicationSupportsIndirectInputEvents = YES;
				INFOPLIST_KEY_UILaunchStoryboardName = LaunchScreen;
				INFOPLIST_KEY_UIMainStoryboardFile = Main;
				INFOPLIST_KEY_UISupportedInterfaceOrientations_iPad = "UIInterfaceOrientationPortrait UIInterfaceOrientationPortraitUpsideDown UIInterfaceOrientationLandscapeLeft UIInterfaceOrientationLandscapeRight";
				INFOPLIST_KEY_UISupportedInterfaceOrientations_iPhone = "UIInterfaceOrientationPortrait UIInterfaceOrientationLandscapeLeft UIInterfaceOrientationLandscapeRight";
				LD_RUNPATH_SEARCH_PATHS = (
					"$(inherited)",
					"@executable_path/Frameworks",
				);
				MARKETING_VERSION = 1.0;
				PRODUCT_BUNDLE_IDENTIFIER = harsh.MyDairy;
				PRODUCT_NAME = "$(TARGET_NAME)";
				SWIFT_EMIT_LOC_STRINGS = YES;
				SWIFT_VERSION = 5.0;
				TARGETED_DEVICE_FAMILY = "1,2";
			};
			name = Debug;
		};
		3A515D792CD650A70042125E /* Release */ = {
			isa = XCBuildConfiguration;
			buildSettings = {
				ASSETCATALOG_COMPILER_APPICON_NAME = AppIcon;
				ASSETCATALOG_COMPILER_GLOBAL_ACCENT_COLOR_NAME = AccentColor;
				CODE_SIGN_STYLE = Automatic;
				CURRENT_PROJECT_VERSION = 1;
				DEVELOPMENT_TEAM = N8Q3L3HH85;
				GENERATE_INFOPLIST_FILE = YES;
				INFOPLIST_FILE = MyDairy/Info.plist;
				INFOPLIST_KEY_UIApplicationSupportsIndirectInputEvents = YES;
				INFOPLIST_KEY_UILaunchStoryboardName = LaunchScreen;
				INFOPLIST_KEY_UIMainStoryboardFile = Main;
				INFOPLIST_KEY_UISupportedInterfaceOrientations_iPad = "UIInterfaceOrientationPortrait UIInterfaceOrientationPortraitUpsideDown UIInterfaceOrientationLandscapeLeft UIInterfaceOrientationLandscapeRight";
				INFOPLIST_KEY_UISupportedInterfaceOrientations_iPhone = "UIInterfaceOrientationPortrait UIInterfaceOrientationLandscapeLeft UIInterfaceOrientationLandscapeRight";
				LD_RUNPATH_SEARCH_PATHS = (
					"$(inherited)",
					"@executable_path/Frameworks",
				);
				MARKETING_VERSION = 1.0;
				PRODUCT_BUNDLE_IDENTIFIER = harsh.MyDairy;
				PRODUCT_NAME = "$(TARGET_NAME)";
				SWIFT_EMIT_LOC_STRINGS = YES;
				SWIFT_VERSION = 5.0;
				TARGETED_DEVICE_FAMILY = "1,2";
			};
			name = Release;
		};
/* End XCBuildConfiguration section */

/* Begin XCConfigurationList section */
		3A515D5E2CD650A60042125E /* Build configuration list for PBXProject "MyDairy" */ = {
			isa = XCConfigurationList;
			buildConfigurations = (
				3A515D752CD650A70042125E /* Debug */,
				3A515D762CD650A70042125E /* Release */,
			);
			defaultConfigurationIsVisible = 0;
			defaultConfigurationName = Release;
		};
		3A515D772CD650A70042125E /* Build configuration list for PBXNativeTarget "MyDairy" */ = {
			isa = XCConfigurationList;
			buildConfigurations = (
				3A515D782CD650A70042125E /* Debug */,
				3A515D792CD650A70042125E /* Release */,
			);
			defaultConfigurationIsVisible = 0;
			defaultConfigurationName = Release;
		};
/* End XCConfigurationList section */
	};
	rootObject = 3A515D5B2CD650A60042125E /* Project object */;
}
